// !$*UTF8*$!
{
	archiveVersion = 1;
	classes = {
	};
	objectVersion = 55;
	objects = {

/* Begin PBXBuildFile section */
		B51AFDAC2743870900617C9E /* Timer.swift in Sources */ = {isa = PBXBuildFile; fileRef = B51AFDAB2743870900617C9E /* Timer.swift */; };
		B51AFDAE27438D1600617C9E /* MainCollectionViewController.swift in Sources */ = {isa = PBXBuildFile; fileRef = B51AFDAD27438D1600617C9E /* MainCollectionViewController.swift */; };
		B51AFDB027438D2C00617C9E /* DetailViewController.swift in Sources */ = {isa = PBXBuildFile; fileRef = B51AFDAF27438D2C00617C9E /* DetailViewController.swift */; };
		B51AFDB327438D4B00617C9E /* TimerCollectionViewCell.swift in Sources */ = {isa = PBXBuildFile; fileRef = B51AFDB227438D4B00617C9E /* TimerCollectionViewCell.swift */; };
		B5EBF4D8273DECA300F47504 /* AppDelegate.swift in Sources */ = {isa = PBXBuildFile; fileRef = B5EBF4D7273DECA300F47504 /* AppDelegate.swift */; };
		B5EBF4DA273DECA300F47504 /* SceneDelegate.swift in Sources */ = {isa = PBXBuildFile; fileRef = B5EBF4D9273DECA300F47504 /* SceneDelegate.swift */; };
		B5EBF4DF273DECA300F47504 /* Main.storyboard in Resources */ = {isa = PBXBuildFile; fileRef = B5EBF4DD273DECA300F47504 /* Main.storyboard */; };
		B5EBF4E1273DECA400F47504 /* Assets.xcassets in Resources */ = {isa = PBXBuildFile; fileRef = B5EBF4E0273DECA400F47504 /* Assets.xcassets */; };
		B5EBF4E4273DECA400F47504 /* LaunchScreen.storyboard in Resources */ = {isa = PBXBuildFile; fileRef = B5EBF4E2273DECA400F47504 /* LaunchScreen.storyboard */; };
		B5EBF4E9273DECA400F47504 /* TapMeIn WatchKit App.app in Embed Watch Content */ = {isa = PBXBuildFile; fileRef = B5EBF4E8273DECA400F47504 /* TapMeIn WatchKit App.app */; settings = {ATTRIBUTES = (RemoveHeadersOnCopy, ); }; };
		B5EBF4EF273DECA400F47504 /* Interface.storyboard in Resources */ = {isa = PBXBuildFile; fileRef = B5EBF4ED273DECA400F47504 /* Interface.storyboard */; };
		B5EBF4F1273DECA500F47504 /* Assets.xcassets in Resources */ = {isa = PBXBuildFile; fileRef = B5EBF4F0273DECA500F47504 /* Assets.xcassets */; };
		B5EBF4F7273DECA500F47504 /* TapMeIn WatchKit Extension.appex in Embed App Extensions */ = {isa = PBXBuildFile; fileRef = B5EBF4F6273DECA500F47504 /* TapMeIn WatchKit Extension.appex */; settings = {ATTRIBUTES = (RemoveHeadersOnCopy, ); }; };
		B5EBF4FC273DECA500F47504 /* InterfaceController.swift in Sources */ = {isa = PBXBuildFile; fileRef = B5EBF4FB273DECA500F47504 /* InterfaceController.swift */; };
		B5EBF4FE273DECA500F47504 /* ExtensionDelegate.swift in Sources */ = {isa = PBXBuildFile; fileRef = B5EBF4FD273DECA500F47504 /* ExtensionDelegate.swift */; };
		B5EBF500273DECA500F47504 /* NotificationController.swift in Sources */ = {isa = PBXBuildFile; fileRef = B5EBF4FF273DECA500F47504 /* NotificationController.swift */; };
		B5EBF502273DECA500F47504 /* ComplicationController.swift in Sources */ = {isa = PBXBuildFile; fileRef = B5EBF501273DECA500F47504 /* ComplicationController.swift */; };
		B5EBF504273DECA600F47504 /* Assets.xcassets in Resources */ = {isa = PBXBuildFile; fileRef = B5EBF503273DECA600F47504 /* Assets.xcassets */; };
/* End PBXBuildFile section */

/* Begin PBXContainerItemProxy section */
		B5EBF4EA273DECA400F47504 /* PBXContainerItemProxy */ = {
			isa = PBXContainerItemProxy;
			containerPortal = B5EBF4CC273DECA200F47504 /* Project object */;
			proxyType = 1;
			remoteGlobalIDString = B5EBF4E7273DECA400F47504;
			remoteInfo = "TapMeIn WatchKit App";
		};
		B5EBF4F8273DECA500F47504 /* PBXContainerItemProxy */ = {
			isa = PBXContainerItemProxy;
			containerPortal = B5EBF4CC273DECA200F47504 /* Project object */;
			proxyType = 1;
			remoteGlobalIDString = B5EBF4F5273DECA500F47504;
			remoteInfo = "TapMeIn WatchKit Extension";
		};
/* End PBXContainerItemProxy section */

/* Begin PBXCopyFilesBuildPhase section */
		B5EBF50C273DECA600F47504 /* Embed App Extensions */ = {
			isa = PBXCopyFilesBuildPhase;
			buildActionMask = 2147483647;
			dstPath = "";
			dstSubfolderSpec = 13;
			files = (
				B5EBF4F7273DECA500F47504 /* TapMeIn WatchKit Extension.appex in Embed App Extensions */,
			);
			name = "Embed App Extensions";
			runOnlyForDeploymentPostprocessing = 0;
		};
		B5EBF510273DECA600F47504 /* Embed Watch Content */ = {
			isa = PBXCopyFilesBuildPhase;
			buildActionMask = 2147483647;
			dstPath = "$(CONTENTS_FOLDER_PATH)/Watch";
			dstSubfolderSpec = 16;
			files = (
				B5EBF4E9273DECA400F47504 /* TapMeIn WatchKit App.app in Embed Watch Content */,
			);
			name = "Embed Watch Content";
			runOnlyForDeploymentPostprocessing = 0;
		};
/* End PBXCopyFilesBuildPhase section */

/* Begin PBXFileReference section */
		B51AFDAB2743870900617C9E /* Timer.swift */ = {isa = PBXFileReference; lastKnownFileType = sourcecode.swift; path = Timer.swift; sourceTree = "<group>"; };
		B51AFDAD27438D1600617C9E /* MainCollectionViewController.swift */ = {isa = PBXFileReference; lastKnownFileType = sourcecode.swift; path = MainCollectionViewController.swift; sourceTree = "<group>"; };
		B51AFDAF27438D2C00617C9E /* DetailViewController.swift */ = {isa = PBXFileReference; lastKnownFileType = sourcecode.swift; path = DetailViewController.swift; sourceTree = "<group>"; };
		B51AFDB227438D4B00617C9E /* TimerCollectionViewCell.swift */ = {isa = PBXFileReference; lastKnownFileType = sourcecode.swift; path = TimerCollectionViewCell.swift; sourceTree = "<group>"; };
		B5EBF4D4273DECA300F47504 /* TapMeIn.app */ = {isa = PBXFileReference; explicitFileType = wrapper.application; includeInIndex = 0; path = TapMeIn.app; sourceTree = BUILT_PRODUCTS_DIR; };
		B5EBF4D7273DECA300F47504 /* AppDelegate.swift */ = {isa = PBXFileReference; lastKnownFileType = sourcecode.swift; path = AppDelegate.swift; sourceTree = "<group>"; };
		B5EBF4D9273DECA300F47504 /* SceneDelegate.swift */ = {isa = PBXFileReference; lastKnownFileType = sourcecode.swift; path = SceneDelegate.swift; sourceTree = "<group>"; };
		B5EBF4DE273DECA300F47504 /* Base */ = {isa = PBXFileReference; lastKnownFileType = file.storyboard; name = Base; path = Base.lproj/Main.storyboard; sourceTree = "<group>"; };
		B5EBF4E0273DECA400F47504 /* Assets.xcassets */ = {isa = PBXFileReference; lastKnownFileType = folder.assetcatalog; path = Assets.xcassets; sourceTree = "<group>"; };
		B5EBF4E3273DECA400F47504 /* Base */ = {isa = PBXFileReference; lastKnownFileType = file.storyboard; name = Base; path = Base.lproj/LaunchScreen.storyboard; sourceTree = "<group>"; };
		B5EBF4E5273DECA400F47504 /* Info.plist */ = {isa = PBXFileReference; lastKnownFileType = text.plist.xml; path = Info.plist; sourceTree = "<group>"; };
		B5EBF4E8273DECA400F47504 /* TapMeIn WatchKit App.app */ = {isa = PBXFileReference; explicitFileType = wrapper.application; includeInIndex = 0; path = "TapMeIn WatchKit App.app"; sourceTree = BUILT_PRODUCTS_DIR; };
		B5EBF4EE273DECA400F47504 /* Base */ = {isa = PBXFileReference; lastKnownFileType = file.storyboard; name = Base; path = Base.lproj/Interface.storyboard; sourceTree = "<group>"; };
		B5EBF4F0273DECA500F47504 /* Assets.xcassets */ = {isa = PBXFileReference; lastKnownFileType = folder.assetcatalog; path = Assets.xcassets; sourceTree = "<group>"; };
		B5EBF4F6273DECA500F47504 /* TapMeIn WatchKit Extension.appex */ = {isa = PBXFileReference; explicitFileType = "wrapper.app-extension"; includeInIndex = 0; path = "TapMeIn WatchKit Extension.appex"; sourceTree = BUILT_PRODUCTS_DIR; };
		B5EBF4FB273DECA500F47504 /* InterfaceController.swift */ = {isa = PBXFileReference; lastKnownFileType = sourcecode.swift; path = InterfaceController.swift; sourceTree = "<group>"; };
		B5EBF4FD273DECA500F47504 /* ExtensionDelegate.swift */ = {isa = PBXFileReference; lastKnownFileType = sourcecode.swift; path = ExtensionDelegate.swift; sourceTree = "<group>"; };
		B5EBF4FF273DECA500F47504 /* NotificationController.swift */ = {isa = PBXFileReference; lastKnownFileType = sourcecode.swift; path = NotificationController.swift; sourceTree = "<group>"; };
		B5EBF501273DECA500F47504 /* ComplicationController.swift */ = {isa = PBXFileReference; lastKnownFileType = sourcecode.swift; path = ComplicationController.swift; sourceTree = "<group>"; };
		B5EBF503273DECA600F47504 /* Assets.xcassets */ = {isa = PBXFileReference; lastKnownFileType = folder.assetcatalog; path = Assets.xcassets; sourceTree = "<group>"; };
		B5EBF505273DECA600F47504 /* Info.plist */ = {isa = PBXFileReference; lastKnownFileType = text.plist.xml; path = Info.plist; sourceTree = "<group>"; };
		B5EBF506273DECA600F47504 /* PushNotificationPayload.apns */ = {isa = PBXFileReference; lastKnownFileType = text; path = PushNotificationPayload.apns; sourceTree = "<group>"; };
/* End PBXFileReference section */

/* Begin PBXFrameworksBuildPhase section */
		B5EBF4D1273DECA300F47504 /* Frameworks */ = {
			isa = PBXFrameworksBuildPhase;
			buildActionMask = 2147483647;
			files = (
			);
			runOnlyForDeploymentPostprocessing = 0;
		};
		B5EBF4F3273DECA500F47504 /* Frameworks */ = {
			isa = PBXFrameworksBuildPhase;
			buildActionMask = 2147483647;
			files = (
			);
			runOnlyForDeploymentPostprocessing = 0;
		};
/* End PBXFrameworksBuildPhase section */

/* Begin PBXGroup section */
		B51AFDA6274386BC00617C9E /* Resources */ = {
			isa = PBXGroup;
			children = (
				B5EBF4D7273DECA300F47504 /* AppDelegate.swift */,
				B5EBF4D9273DECA300F47504 /* SceneDelegate.swift */,
				B5EBF4E0273DECA400F47504 /* Assets.xcassets */,
				B5EBF4E5273DECA400F47504 /* Info.plist */,
			);
			path = Resources;
			sourceTree = "<group>";
		};
		B51AFDA7274386C800617C9E /* Controllers */ = {
			isa = PBXGroup;
			children = (
				B51AFDA8274386D400617C9E /* ViewControllers */,
			);
			path = Controllers;
			sourceTree = "<group>";
		};
		B51AFDA8274386D400617C9E /* ViewControllers */ = {
			isa = PBXGroup;
			children = (
				B51AFDAD27438D1600617C9E /* MainCollectionViewController.swift */,
				B51AFDAF27438D2C00617C9E /* DetailViewController.swift */,
			);
			path = ViewControllers;
			sourceTree = "<group>";
		};
		B51AFDA9274386DF00617C9E /* Views */ = {
			isa = PBXGroup;
			children = (
				B51AFDB127438D3600617C9E /* Custom Cells */,
				B5EBF4DD273DECA300F47504 /* Main.storyboard */,
				B5EBF4E2273DECA400F47504 /* LaunchScreen.storyboard */,
			);
			path = Views;
			sourceTree = "<group>";
		};
		B51AFDAA274386EF00617C9E /* Models */ = {
			isa = PBXGroup;
			children = (
				B51AFDAB2743870900617C9E /* Timer.swift */,
			);
			path = Models;
			sourceTree = "<group>";
		};
		B51AFDB127438D3600617C9E /* Custom Cells */ = {
			isa = PBXGroup;
			children = (
				B51AFDB227438D4B00617C9E /* TimerCollectionViewCell.swift */,
			);
			path = "Custom Cells";
			sourceTree = "<group>";
		};
		B5EBF4CB273DECA200F47504 = {
			isa = PBXGroup;
			children = (
				B5EBF4D6273DECA300F47504 /* TapMeIn */,
				B5EBF4EC273DECA400F47504 /* TapMeIn WatchKit App */,
				B5EBF4FA273DECA500F47504 /* TapMeIn WatchKit Extension */,
				B5EBF4D5273DECA300F47504 /* Products */,
			);
			sourceTree = "<group>";
		};
		B5EBF4D5273DECA300F47504 /* Products */ = {
			isa = PBXGroup;
			children = (
				B5EBF4D4273DECA300F47504 /* TapMeIn.app */,
				B5EBF4E8273DECA400F47504 /* TapMeIn WatchKit App.app */,
				B5EBF4F6273DECA500F47504 /* TapMeIn WatchKit Extension.appex */,
			);
			name = Products;
			sourceTree = "<group>";
		};
		B5EBF4D6273DECA300F47504 /* TapMeIn */ = {
			isa = PBXGroup;
			children = (
				B51AFDAA274386EF00617C9E /* Models */,
				B51AFDA9274386DF00617C9E /* Views */,
				B51AFDA6274386BC00617C9E /* Resources */,
				B51AFDA7274386C800617C9E /* Controllers */,
			);
			path = TapMeIn;
			sourceTree = "<group>";
		};
		B5EBF4EC273DECA400F47504 /* TapMeIn WatchKit App */ = {
			isa = PBXGroup;
			children = (
				B5EBF4ED273DECA400F47504 /* Interface.storyboard */,
				B5EBF4F0273DECA500F47504 /* Assets.xcassets */,
			);
			path = "TapMeIn WatchKit App";
			sourceTree = "<group>";
		};
		B5EBF4FA273DECA500F47504 /* TapMeIn WatchKit Extension */ = {
			isa = PBXGroup;
			children = (
				B5EBF4FB273DECA500F47504 /* InterfaceController.swift */,
				B5EBF4FD273DECA500F47504 /* ExtensionDelegate.swift */,
				B5EBF4FF273DECA500F47504 /* NotificationController.swift */,
				B5EBF501273DECA500F47504 /* ComplicationController.swift */,
				B5EBF503273DECA600F47504 /* Assets.xcassets */,
				B5EBF505273DECA600F47504 /* Info.plist */,
				B5EBF506273DECA600F47504 /* PushNotificationPayload.apns */,
			);
			path = "TapMeIn WatchKit Extension";
			sourceTree = "<group>";
		};
/* End PBXGroup section */

/* Begin PBXNativeTarget section */
		B5EBF4D3273DECA300F47504 /* TapMeIn */ = {
			isa = PBXNativeTarget;
			buildConfigurationList = B5EBF511273DECA600F47504 /* Build configuration list for PBXNativeTarget "TapMeIn" */;
			buildPhases = (
				B5EBF4D0273DECA300F47504 /* Sources */,
				B5EBF4D1273DECA300F47504 /* Frameworks */,
				B5EBF4D2273DECA300F47504 /* Resources */,
				B5EBF510273DECA600F47504 /* Embed Watch Content */,
			);
			buildRules = (
			);
			dependencies = (
				B5EBF4EB273DECA400F47504 /* PBXTargetDependency */,
			);
			name = TapMeIn;
			productName = TapMeIn;
			productReference = B5EBF4D4273DECA300F47504 /* TapMeIn.app */;
			productType = "com.apple.product-type.application";
		};
		B5EBF4E7273DECA400F47504 /* TapMeIn WatchKit App */ = {
			isa = PBXNativeTarget;
			buildConfigurationList = B5EBF50D273DECA600F47504 /* Build configuration list for PBXNativeTarget "TapMeIn WatchKit App" */;
			buildPhases = (
				B5EBF4E6273DECA400F47504 /* Resources */,
				B5EBF50C273DECA600F47504 /* Embed App Extensions */,
			);
			buildRules = (
			);
			dependencies = (
				B5EBF4F9273DECA500F47504 /* PBXTargetDependency */,
			);
			name = "TapMeIn WatchKit App";
			productName = "TapMeIn WatchKit App";
			productReference = B5EBF4E8273DECA400F47504 /* TapMeIn WatchKit App.app */;
			productType = "com.apple.product-type.application.watchapp2";
		};
		B5EBF4F5273DECA500F47504 /* TapMeIn WatchKit Extension */ = {
			isa = PBXNativeTarget;
			buildConfigurationList = B5EBF509273DECA600F47504 /* Build configuration list for PBXNativeTarget "TapMeIn WatchKit Extension" */;
			buildPhases = (
				B5EBF4F2273DECA500F47504 /* Sources */,
				B5EBF4F3273DECA500F47504 /* Frameworks */,
				B5EBF4F4273DECA500F47504 /* Resources */,
			);
			buildRules = (
			);
			dependencies = (
			);
			name = "TapMeIn WatchKit Extension";
			productName = "TapMeIn WatchKit Extension";
			productReference = B5EBF4F6273DECA500F47504 /* TapMeIn WatchKit Extension.appex */;
			productType = "com.apple.product-type.watchkit2-extension";
		};
/* End PBXNativeTarget section */

/* Begin PBXProject section */
		B5EBF4CC273DECA200F47504 /* Project object */ = {
			isa = PBXProject;
			attributes = {
				BuildIndependentTargetsInParallel = 1;
				LastSwiftUpdateCheck = 1310;
				LastUpgradeCheck = 1310;
				TargetAttributes = {
					B5EBF4D3273DECA300F47504 = {
						CreatedOnToolsVersion = 13.1;
					};
					B5EBF4E7273DECA400F47504 = {
						CreatedOnToolsVersion = 13.1;
					};
					B5EBF4F5273DECA500F47504 = {
						CreatedOnToolsVersion = 13.1;
					};
				};
			};
			buildConfigurationList = B5EBF4CF273DECA200F47504 /* Build configuration list for PBXProject "TapMeIn" */;
			compatibilityVersion = "Xcode 13.0";
			developmentRegion = en;
			hasScannedForEncodings = 0;
			knownRegions = (
				en,
				Base,
			);
			mainGroup = B5EBF4CB273DECA200F47504;
			productRefGroup = B5EBF4D5273DECA300F47504 /* Products */;
			projectDirPath = "";
			projectRoot = "";
			targets = (
				B5EBF4D3273DECA300F47504 /* TapMeIn */,
				B5EBF4E7273DECA400F47504 /* TapMeIn WatchKit App */,
				B5EBF4F5273DECA500F47504 /* TapMeIn WatchKit Extension */,
			);
		};
/* End PBXProject section */

/* Begin PBXResourcesBuildPhase section */
		B5EBF4D2273DECA300F47504 /* Resources */ = {
			isa = PBXResourcesBuildPhase;
			buildActionMask = 2147483647;
			files = (
				B5EBF4E4273DECA400F47504 /* LaunchScreen.storyboard in Resources */,
				B5EBF4E1273DECA400F47504 /* Assets.xcassets in Resources */,
				B5EBF4DF273DECA300F47504 /* Main.storyboard in Resources */,
			);
			runOnlyForDeploymentPostprocessing = 0;
		};
		B5EBF4E6273DECA400F47504 /* Resources */ = {
			isa = PBXResourcesBuildPhase;
			buildActionMask = 2147483647;
			files = (
				B5EBF4F1273DECA500F47504 /* Assets.xcassets in Resources */,
				B5EBF4EF273DECA400F47504 /* Interface.storyboard in Resources */,
			);
			runOnlyForDeploymentPostprocessing = 0;
		};
		B5EBF4F4273DECA500F47504 /* Resources */ = {
			isa = PBXResourcesBuildPhase;
			buildActionMask = 2147483647;
			files = (
				B5EBF504273DECA600F47504 /* Assets.xcassets in Resources */,
			);
			runOnlyForDeploymentPostprocessing = 0;
		};
/* End PBXResourcesBuildPhase section */

/* Begin PBXSourcesBuildPhase section */
		B5EBF4D0273DECA300F47504 /* Sources */ = {
			isa = PBXSourcesBuildPhase;
			buildActionMask = 2147483647;
			files = (
				B51AFDAC2743870900617C9E /* Timer.swift in Sources */,
				B51AFDAE27438D1600617C9E /* MainCollectionViewController.swift in Sources */,
				B51AFDB027438D2C00617C9E /* DetailViewController.swift in Sources */,
				B5EBF4D8273DECA300F47504 /* AppDelegate.swift in Sources */,
				B51AFDB327438D4B00617C9E /* TimerCollectionViewCell.swift in Sources */,
				B5EBF4DA273DECA300F47504 /* SceneDelegate.swift in Sources */,
			);
			runOnlyForDeploymentPostprocessing = 0;
		};
		B5EBF4F2273DECA500F47504 /* Sources */ = {
			isa = PBXSourcesBuildPhase;
			buildActionMask = 2147483647;
			files = (
				B5EBF500273DECA500F47504 /* NotificationController.swift in Sources */,
				B5EBF502273DECA500F47504 /* ComplicationController.swift in Sources */,
				B5EBF4FE273DECA500F47504 /* ExtensionDelegate.swift in Sources */,
				B5EBF4FC273DECA500F47504 /* InterfaceController.swift in Sources */,
			);
			runOnlyForDeploymentPostprocessing = 0;
		};
/* End PBXSourcesBuildPhase section */

/* Begin PBXTargetDependency section */
		B5EBF4EB273DECA400F47504 /* PBXTargetDependency */ = {
			isa = PBXTargetDependency;
			target = B5EBF4E7273DECA400F47504 /* TapMeIn WatchKit App */;
			targetProxy = B5EBF4EA273DECA400F47504 /* PBXContainerItemProxy */;
		};
		B5EBF4F9273DECA500F47504 /* PBXTargetDependency */ = {
			isa = PBXTargetDependency;
			target = B5EBF4F5273DECA500F47504 /* TapMeIn WatchKit Extension */;
			targetProxy = B5EBF4F8273DECA500F47504 /* PBXContainerItemProxy */;
		};
/* End PBXTargetDependency section */

/* Begin PBXVariantGroup section */
		B5EBF4DD273DECA300F47504 /* Main.storyboard */ = {
			isa = PBXVariantGroup;
			children = (
				B5EBF4DE273DECA300F47504 /* Base */,
			);
			name = Main.storyboard;
			sourceTree = "<group>";
		};
		B5EBF4E2273DECA400F47504 /* LaunchScreen.storyboard */ = {
			isa = PBXVariantGroup;
			children = (
				B5EBF4E3273DECA400F47504 /* Base */,
			);
			name = LaunchScreen.storyboard;
			sourceTree = "<group>";
		};
		B5EBF4ED273DECA400F47504 /* Interface.storyboard */ = {
			isa = PBXVariantGroup;
			children = (
				B5EBF4EE273DECA400F47504 /* Base */,
			);
			name = Interface.storyboard;
			sourceTree = "<group>";
		};
/* End PBXVariantGroup section */

/* Begin XCBuildConfiguration section */
		B5EBF507273DECA600F47504 /* Debug */ = {
			isa = XCBuildConfiguration;
			buildSettings = {
				ALWAYS_SEARCH_USER_PATHS = NO;
				CLANG_ANALYZER_NONNULL = YES;
				CLANG_ANALYZER_NUMBER_OBJECT_CONVERSION = YES_AGGRESSIVE;
				CLANG_CXX_LANGUAGE_STANDARD = "gnu++17";
				CLANG_CXX_LIBRARY = "libc++";
				CLANG_ENABLE_MODULES = YES;
				CLANG_ENABLE_OBJC_ARC = YES;
				CLANG_ENABLE_OBJC_WEAK = YES;
				CLANG_WARN_BLOCK_CAPTURE_AUTORELEASING = YES;
				CLANG_WARN_BOOL_CONVERSION = YES;
				CLANG_WARN_COMMA = YES;
				CLANG_WARN_CONSTANT_CONVERSION = YES;
				CLANG_WARN_DEPRECATED_OBJC_IMPLEMENTATIONS = YES;
				CLANG_WARN_DIRECT_OBJC_ISA_USAGE = YES_ERROR;
				CLANG_WARN_DOCUMENTATION_COMMENTS = YES;
				CLANG_WARN_EMPTY_BODY = YES;
				CLANG_WARN_ENUM_CONVERSION = YES;
				CLANG_WARN_INFINITE_RECURSION = YES;
				CLANG_WARN_INT_CONVERSION = YES;
				CLANG_WARN_NON_LITERAL_NULL_CONVERSION = YES;
				CLANG_WARN_OBJC_IMPLICIT_RETAIN_SELF = YES;
				CLANG_WARN_OBJC_LITERAL_CONVERSION = YES;
				CLANG_WARN_OBJC_ROOT_CLASS = YES_ERROR;
				CLANG_WARN_QUOTED_INCLUDE_IN_FRAMEWORK_HEADER = YES;
				CLANG_WARN_RANGE_LOOP_ANALYSIS = YES;
				CLANG_WARN_STRICT_PROTOTYPES = YES;
				CLANG_WARN_SUSPICIOUS_MOVE = YES;
				CLANG_WARN_UNGUARDED_AVAILABILITY = YES_AGGRESSIVE;
				CLANG_WARN_UNREACHABLE_CODE = YES;
				CLANG_WARN__DUPLICATE_METHOD_MATCH = YES;
				COPY_PHASE_STRIP = NO;
				DEBUG_INFORMATION_FORMAT = dwarf;
				ENABLE_STRICT_OBJC_MSGSEND = YES;
				ENABLE_TESTABILITY = YES;
				GCC_C_LANGUAGE_STANDARD = gnu11;
				GCC_DYNAMIC_NO_PIC = NO;
				GCC_NO_COMMON_BLOCKS = YES;
				GCC_OPTIMIZATION_LEVEL = 0;
				GCC_PREPROCESSOR_DEFINITIONS = (
					"DEBUG=1",
					"$(inherited)",
				);
				GCC_WARN_64_TO_32_BIT_CONVERSION = YES;
				GCC_WARN_ABOUT_RETURN_TYPE = YES_ERROR;
				GCC_WARN_UNDECLARED_SELECTOR = YES;
				GCC_WARN_UNINITIALIZED_AUTOS = YES_AGGRESSIVE;
				GCC_WARN_UNUSED_FUNCTION = YES;
				GCC_WARN_UNUSED_VARIABLE = YES;
				MTL_ENABLE_DEBUG_INFO = INCLUDE_SOURCE;
				MTL_FAST_MATH = YES;
				ONLY_ACTIVE_ARCH = YES;
				SWIFT_ACTIVE_COMPILATION_CONDITIONS = DEBUG;
				SWIFT_OPTIMIZATION_LEVEL = "-Onone";
			};
			name = Debug;
		};
		B5EBF508273DECA600F47504 /* Release */ = {
			isa = XCBuildConfiguration;
			buildSettings = {
				ALWAYS_SEARCH_USER_PATHS = NO;
				CLANG_ANALYZER_NONNULL = YES;
				CLANG_ANALYZER_NUMBER_OBJECT_CONVERSION = YES_AGGRESSIVE;
				CLANG_CXX_LANGUAGE_STANDARD = "gnu++17";
				CLANG_CXX_LIBRARY = "libc++";
				CLANG_ENABLE_MODULES = YES;
				CLANG_ENABLE_OBJC_ARC = YES;
				CLANG_ENABLE_OBJC_WEAK = YES;
				CLANG_WARN_BLOCK_CAPTURE_AUTORELEASING = YES;
				CLANG_WARN_BOOL_CONVERSION = YES;
				CLANG_WARN_COMMA = YES;
				CLANG_WARN_CONSTANT_CONVERSION = YES;
				CLANG_WARN_DEPRECATED_OBJC_IMPLEMENTATIONS = YES;
				CLANG_WARN_DIRECT_OBJC_ISA_USAGE = YES_ERROR;
				CLANG_WARN_DOCUMENTATION_COMMENTS = YES;
				CLANG_WARN_EMPTY_BODY = YES;
				CLANG_WARN_ENUM_CONVERSION = YES;
				CLANG_WARN_INFINITE_RECURSION = YES;
				CLANG_WARN_INT_CONVERSION = YES;
				CLANG_WARN_NON_LITERAL_NULL_CONVERSION = YES;
				CLANG_WARN_OBJC_IMPLICIT_RETAIN_SELF = YES;
				CLANG_WARN_OBJC_LITERAL_CONVERSION = YES;
				CLANG_WARN_OBJC_ROOT_CLASS = YES_ERROR;
				CLANG_WARN_QUOTED_INCLUDE_IN_FRAMEWORK_HEADER = YES;
				CLANG_WARN_RANGE_LOOP_ANALYSIS = YES;
				CLANG_WARN_STRICT_PROTOTYPES = YES;
				CLANG_WARN_SUSPICIOUS_MOVE = YES;
				CLANG_WARN_UNGUARDED_AVAILABILITY = YES_AGGRESSIVE;
				CLANG_WARN_UNREACHABLE_CODE = YES;
				CLANG_WARN__DUPLICATE_METHOD_MATCH = YES;
				COPY_PHASE_STRIP = NO;
				DEBUG_INFORMATION_FORMAT = "dwarf-with-dsym";
				ENABLE_NS_ASSERTIONS = NO;
				ENABLE_STRICT_OBJC_MSGSEND = YES;
				GCC_C_LANGUAGE_STANDARD = gnu11;
				GCC_NO_COMMON_BLOCKS = YES;
				GCC_WARN_64_TO_32_BIT_CONVERSION = YES;
				GCC_WARN_ABOUT_RETURN_TYPE = YES_ERROR;
				GCC_WARN_UNDECLARED_SELECTOR = YES;
				GCC_WARN_UNINITIALIZED_AUTOS = YES_AGGRESSIVE;
				GCC_WARN_UNUSED_FUNCTION = YES;
				GCC_WARN_UNUSED_VARIABLE = YES;
				MTL_ENABLE_DEBUG_INFO = NO;
				MTL_FAST_MATH = YES;
				SWIFT_COMPILATION_MODE = wholemodule;
				SWIFT_OPTIMIZATION_LEVEL = "-O";
			};
			name = Release;
		};
		B5EBF50A273DECA600F47504 /* Debug */ = {
			isa = XCBuildConfiguration;
			buildSettings = {
				ASSETCATALOG_COMPILER_COMPLICATION_NAME = Complication;
				CODE_SIGN_STYLE = Automatic;
				CURRENT_PROJECT_VERSION = 1;
				DEVELOPMENT_TEAM = A5WKQ59823;
				GENERATE_INFOPLIST_FILE = YES;
				INFOPLIST_FILE = "TapMeIn WatchKit Extension/Info.plist";
				INFOPLIST_KEY_CFBundleDisplayName = "Tap Me In";
				INFOPLIST_KEY_CLKComplicationPrincipalClass = TapMeIn_WatchKit_Extension.ComplicationController;
				INFOPLIST_KEY_NSHumanReadableCopyright = "";
				INFOPLIST_KEY_WKExtensionDelegateClassName = TapMeIn_WatchKit_Extension.ExtensionDelegate;
				INFOPLIST_KEY_WKRunsIndependentlyOfCompanionApp = YES;
				LD_RUNPATH_SEARCH_PATHS = (
					"$(inherited)",
					"@executable_path/Frameworks",
					"@executable_path/../../Frameworks",
				);
				MARKETING_VERSION = 1.0;
				PRODUCT_BUNDLE_IDENTIFIER = com.BenEreksonIsReallyBored.TapMeIn.watchkitapp.watchkitextension;
				PRODUCT_NAME = "${TARGET_NAME}";
				SDKROOT = watchos;
				SKIP_INSTALL = YES;
				SWIFT_EMIT_LOC_STRINGS = YES;
				SWIFT_VERSION = 5.0;
				TARGETED_DEVICE_FAMILY = 4;
				WATCHOS_DEPLOYMENT_TARGET = 7.0;
			};
			name = Debug;
		};
		B5EBF50B273DECA600F47504 /* Release */ = {
			isa = XCBuildConfiguration;
			buildSettings = {
				ASSETCATALOG_COMPILER_COMPLICATION_NAME = Complication;
				CODE_SIGN_STYLE = Automatic;
				CURRENT_PROJECT_VERSION = 1;
				DEVELOPMENT_TEAM = A5WKQ59823;
				GENERATE_INFOPLIST_FILE = YES;
				INFOPLIST_FILE = "TapMeIn WatchKit Extension/Info.plist";
				INFOPLIST_KEY_CFBundleDisplayName = "Tap Me In";
				INFOPLIST_KEY_CLKComplicationPrincipalClass = TapMeIn_WatchKit_Extension.ComplicationController;
				INFOPLIST_KEY_NSHumanReadableCopyright = "";
				INFOPLIST_KEY_WKExtensionDelegateClassName = TapMeIn_WatchKit_Extension.ExtensionDelegate;
				INFOPLIST_KEY_WKRunsIndependentlyOfCompanionApp = YES;
				LD_RUNPATH_SEARCH_PATHS = (
					"$(inherited)",
					"@executable_path/Frameworks",
					"@executable_path/../../Frameworks",
				);
				MARKETING_VERSION = 1.0;
				PRODUCT_BUNDLE_IDENTIFIER = com.BenEreksonIsReallyBored.TapMeIn.watchkitapp.watchkitextension;
				PRODUCT_NAME = "${TARGET_NAME}";
				SDKROOT = watchos;
				SKIP_INSTALL = YES;
				SWIFT_EMIT_LOC_STRINGS = YES;
				SWIFT_VERSION = 5.0;
				TARGETED_DEVICE_FAMILY = 4;
				VALIDATE_PRODUCT = YES;
				WATCHOS_DEPLOYMENT_TARGET = 7.0;
			};
			name = Release;
		};
		B5EBF50E273DECA600F47504 /* Debug */ = {
			isa = XCBuildConfiguration;
			buildSettings = {
				ALWAYS_EMBED_SWIFT_STANDARD_LIBRARIES = YES;
				ASSETCATALOG_COMPILER_APPICON_NAME = AppIcon;
				ASSETCATALOG_COMPILER_GLOBAL_ACCENT_COLOR_NAME = AccentColor;
				CODE_SIGN_STYLE = Automatic;
				CURRENT_PROJECT_VERSION = 1;
				DEVELOPMENT_TEAM = A5WKQ59823;
				GENERATE_INFOPLIST_FILE = YES;
				IBSC_MODULE = TapMeIn_WatchKit_Extension;
				INFOPLIST_KEY_CFBundleDisplayName = "TapMeIn WatchKit App";
				INFOPLIST_KEY_UISupportedInterfaceOrientations = "UIInterfaceOrientationPortrait UIInterfaceOrientationPortraitUpsideDown";
				INFOPLIST_KEY_WKCompanionAppBundleIdentifier = com.BenEreksonIsReallyBored.TapMeIn;
				MARKETING_VERSION = 1.0;
				PRODUCT_BUNDLE_IDENTIFIER = com.BenEreksonIsReallyBored.TapMeIn.watchkitapp;
				PRODUCT_NAME = "$(TARGET_NAME)";
				SDKROOT = watchos;
				SKIP_INSTALL = YES;
				SWIFT_EMIT_LOC_STRINGS = YES;
				SWIFT_VERSION = 5.0;
				TARGETED_DEVICE_FAMILY = 4;
				WATCHOS_DEPLOYMENT_TARGET = 7.0;
			};
			name = Debug;
		};
		B5EBF50F273DECA600F47504 /* Release */ = {
			isa = XCBuildConfiguration;
			buildSettings = {
				ALWAYS_EMBED_SWIFT_STANDARD_LIBRARIES = YES;
				ASSETCATALOG_COMPILER_APPICON_NAME = AppIcon;
				ASSETCATALOG_COMPILER_GLOBAL_ACCENT_COLOR_NAME = AccentColor;
				CODE_SIGN_STYLE = Automatic;
				CURRENT_PROJECT_VERSION = 1;
				DEVELOPMENT_TEAM = A5WKQ59823;
				GENERATE_INFOPLIST_FILE = YES;
				IBSC_MODULE = TapMeIn_WatchKit_Extension;
				INFOPLIST_KEY_CFBundleDisplayName = "TapMeIn WatchKit App";
				INFOPLIST_KEY_UISupportedInterfaceOrientations = "UIInterfaceOrientationPortrait UIInterfaceOrientationPortraitUpsideDown";
				INFOPLIST_KEY_WKCompanionAppBundleIdentifier = com.BenEreksonIsReallyBored.TapMeIn;
				MARKETING_VERSION = 1.0;
				PRODUCT_BUNDLE_IDENTIFIER = com.BenEreksonIsReallyBored.TapMeIn.watchkitapp;
				PRODUCT_NAME = "$(TARGET_NAME)";
				SDKROOT = watchos;
				SKIP_INSTALL = YES;
				SWIFT_EMIT_LOC_STRINGS = YES;
				SWIFT_VERSION = 5.0;
				TARGETED_DEVICE_FAMILY = 4;
				VALIDATE_PRODUCT = YES;
				WATCHOS_DEPLOYMENT_TARGET = 7.0;
			};
			name = Release;
		};
		B5EBF512273DECA600F47504 /* Debug */ = {
			isa = XCBuildConfiguration;
			buildSettings = {
				ASSETCATALOG_COMPILER_APPICON_NAME = AppIcon;
				ASSETCATALOG_COMPILER_GLOBAL_ACCENT_COLOR_NAME = AccentColor;
				CODE_SIGN_STYLE = Automatic;
				CURRENT_PROJECT_VERSION = 1;
				DEVELOPMENT_TEAM = A5WKQ59823;
				GENERATE_INFOPLIST_FILE = YES;
				INFOPLIST_FILE = TapMeIn/Resources/Info.plist;
				INFOPLIST_KEY_CFBundleDisplayName = "Tap Me In";
				INFOPLIST_KEY_UIApplicationSupportsIndirectInputEvents = YES;
				INFOPLIST_KEY_UILaunchStoryboardName = LaunchScreen;
				INFOPLIST_KEY_UIMainStoryboardFile = Main;
				INFOPLIST_KEY_UISupportedInterfaceOrientations = "UIInterfaceOrientationPortrait UIInterfaceOrientationLandscapeLeft UIInterfaceOrientationLandscapeRight";
				INFOPLIST_KEY_UISupportedInterfaceOrientations_iPad = "UIInterfaceOrientationPortrait UIInterfaceOrientationPortraitUpsideDown UIInterfaceOrientationLandscapeLeft UIInterfaceOrientationLandscapeRight";
				INFOPLIST_KEY_UISupportedInterfaceOrientations_iPhone = "UIInterfaceOrientationPortrait UIInterfaceOrientationLandscapeLeft UIInterfaceOrientationLandscapeRight";
				IPHONEOS_DEPLOYMENT_TARGET = 13.0;
				LD_RUNPATH_SEARCH_PATHS = (
					"$(inherited)",
					"@executable_path/Frameworks",
				);
				MARKETING_VERSION = 1.0;
				PRODUCT_BUNDLE_IDENTIFIER = com.BenEreksonIsReallyBored.TapMeIn;
				PRODUCT_NAME = "$(TARGET_NAME)";
				SDKROOT = iphoneos;
				SWIFT_EMIT_LOC_STRINGS = YES;
				SWIFT_VERSION = 5.0;
				TARGETED_DEVICE_FAMILY = "1,2";
			};
			name = Debug;
		};
		B5EBF513273DECA600F47504 /* Release */ = {
			isa = XCBuildConfiguration;
			buildSettings = {
				ASSETCATALOG_COMPILER_APPICON_NAME = AppIcon;
				ASSETCATALOG_COMPILER_GLOBAL_ACCENT_COLOR_NAME = AccentColor;
				CODE_SIGN_STYLE = Automatic;
				CURRENT_PROJECT_VERSION = 1;
				DEVELOPMENT_TEAM = A5WKQ59823;
				GENERATE_INFOPLIST_FILE = YES;
				INFOPLIST_FILE = TapMeIn/Resources/Info.plist;
				INFOPLIST_KEY_CFBundleDisplayName = "Tap Me In";
				INFOPLIST_KEY_UIApplicationSupportsIndirectInputEvents = YES;
				INFOPLIST_KEY_UILaunchStoryboardName = LaunchScreen;
				INFOPLIST_KEY_UIMainStoryboardFile = Main;
				INFOPLIST_KEY_UISupportedInterfaceOrientations = "UIInterfaceOrientationPortrait UIInterfaceOrientationLandscapeLeft UIInterfaceOrientationLandscapeRight";
				INFOPLIST_KEY_UISupportedInterfaceOrientations_iPad = "UIInterfaceOrientationPortrait UIInterfaceOrientationPortraitUpsideDown UIInterfaceOrientationLandscapeLeft UIInterfaceOrientationLandscapeRight";
				INFOPLIST_KEY_UISupportedInterfaceOrientations_iPhone = "UIInterfaceOrientationPortrait UIInterfaceOrientationLandscapeLeft UIInterfaceOrientationLandscapeRight";
				IPHONEOS_DEPLOYMENT_TARGET = 13.0;
				LD_RUNPATH_SEARCH_PATHS = (
					"$(inherited)",
					"@executable_path/Frameworks",
				);
				MARKETING_VERSION = 1.0;
				PRODUCT_BUNDLE_IDENTIFIER = com.BenEreksonIsReallyBored.TapMeIn;
				PRODUCT_NAME = "$(TARGET_NAME)";
				SDKROOT = iphoneos;
				SWIFT_EMIT_LOC_STRINGS = YES;
				SWIFT_VERSION = 5.0;
				TARGETED_DEVICE_FAMILY = "1,2";
				VALIDATE_PRODUCT = YES;
			};
			name = Release;
		};
/* End XCBuildConfiguration section */

/* Begin XCConfigurationList section */
		B5EBF4CF273DECA200F47504 /* Build configuration list for PBXProject "TapMeIn" */ = {
			isa = XCConfigurationList;
			buildConfigurations = (
				B5EBF507273DECA600F47504 /* Debug */,
				B5EBF508273DECA600F47504 /* Release */,
			);
			defaultConfigurationIsVisible = 0;
			defaultConfigurationName = Release;
		};
		B5EBF509273DECA600F47504 /* Build configuration list for PBXNativeTarget "TapMeIn WatchKit Extension" */ = {
			isa = XCConfigurationList;
			buildConfigurations = (
				B5EBF50A273DECA600F47504 /* Debug */,
				B5EBF50B273DECA600F47504 /* Release */,
			);
			defaultConfigurationIsVisible = 0;
			defaultConfigurationName = Release;
		};
		B5EBF50D273DECA600F47504 /* Build configuration list for PBXNativeTarget "TapMeIn WatchKit App" */ = {
			isa = XCConfigurationList;
			buildConfigurations = (
				B5EBF50E273DECA600F47504 /* Debug */,
				B5EBF50F273DECA600F47504 /* Release */,
			);
			defaultConfigurationIsVisible = 0;
			defaultConfigurationName = Release;
		};
		B5EBF511273DECA600F47504 /* Build configuration list for PBXNativeTarget "TapMeIn" */ = {
			isa = XCConfigurationList;
			buildConfigurations = (
				B5EBF512273DECA600F47504 /* Debug */,
				B5EBF513273DECA600F47504 /* Release */,
			);
			defaultConfigurationIsVisible = 0;
			defaultConfigurationName = Release;
		};
/* End XCConfigurationList section */
	};
	rootObject = B5EBF4CC273DECA200F47504 /* Project object */;
}
